
Microsoft Visual Studio Solution File, Format Version 12.00
# Visual Studio Version 17
VisualStudioVersion = 17.14.37614.0 d17.14
MinimumVisualStudioVersion = 10.0.40219.1
Project("{FAE04EC0-301F-11D3-BF4B-00C04F79EFBC}") = "tryout", "tryout\tryout.csproj", "{51C0EEBA-F88C-4F5C-8EFD-A39FF32F470F}"
EndProject
Global
	GlobalSection(SolutionConfigurationPlatforms) = preSolution
		Debug|Any CPU = Debug|Any CPU
		Release|Any CPU = Release|Any CPU
	EndGlobalSection
	GlobalSection(ProjectConfigurationPlatforms) = postSolution
		{51C0EEBA-F88C-4F5C-8EFD-A39FF32F470F}.Debug|Any CPU.ActiveCfg = Debug|Any CPU
		{51C0EEBA-F88C-4F5C-8EFD-A39FF32F470F}.Debug|Any CPU.Build.0 = Debug|Any CPU
		{51C0EEBA-F88C-4F5C-8EFD-A39FF32F470F}.Release|Any CPU.ActiveCfg = Release|Any CPU
		{51C0EEBA-F88C-4F5C-8EFD-A39FF32F470F}.Release|Any CPU.Build.0 = Release|Any CPU
	EndGlobalSection
	GlobalSection(SolutionProperties) = preSolution
		HideSolutionNode = FALSE
	EndGlobalSection
	GlobalSection(ExtensibilityGlobals) = postSolution
		SolutionGuid = {73CA2452-7DB5-403B-8EF3-034DE5B64C1C}
	EndGlobalSection
EndGlobal
